
Microsoft Visual Studio Solution File, Format Version 12.00
# Visual Studio Version 16
VisualStudioVersion = 16.0.30002.166
MinimumVisualStudioVersion = 10.0.40219.1
Project("{FAE04EC0-301F-11D3-BF4B-00C04F79EFBC}") = "GirişEkranı", "GirişEkranı\GirişEkranı.csproj", "{F6AF7A09-53AF-49E3-BAFB-839F279FB730}"
EndProject
Global
	GlobalSection(SolutionConfigurationPlatforms) = preSolution
		Debug|Any CPU = Debug|Any CPU
		Release|Any CPU = Release|Any CPU
	EndGlobalSection
	GlobalSection(ProjectConfigurationPlatforms) = postSolution
		{F6AF7A09-53AF-49E3-BAFB-839F279FB730}.Debug|Any CPU.ActiveCfg = Debug|Any CPU
		{F6AF7A09-53AF-49E3-BAFB-839F279FB730}.Debug|Any CPU.Build.0 = Debug|Any CPU
		{F6AF7A09-53AF-49E3-BAFB-839F279FB730}.Release|Any CPU.ActiveCfg = Release|Any CPU
		{F6AF7A09-53AF-49E3-BAFB-839F279FB730}.Release|Any CPU.Build.0 = Release|Any CPU
	EndGlobalSection
	GlobalSection(SolutionProperties) = preSolution
		HideSolutionNode = FALSE
	EndGlobalSection
	GlobalSection(ExtensibilityGlobals) = postSolution
		SolutionGuid = {1B77B606-360D-4787-AA3D-4E294EAC4C7A}
	EndGlobalSection
EndGlobal
